
Microsoft Visual Studio Solution File, Format Version 12.00
# Visual Studio Version 17
VisualStudioVersion = 17.0.31903.59
MinimumVisualStudioVersion = 10.0.40219.1
Project("{2150E333-8FDC-42A3-9474-1A3956D46DE8}") = "db", "db", "{A80485C3-1355-4C95-8743-595C72A6E534}"
	ProjectSection(SolutionItems) = preProject
		db\mongo-init.sh = db\mongo-init.sh
	EndProjectSection
EndProject
Project("{2150E333-8FDC-42A3-9474-1A3956D46DE8}") = "src", "src", "{2F81DFDB-BCEE-4E16-BE54-F87ACACE487B}"
EndProject
Project("{2150E333-8FDC-42A3-9474-1A3956D46DE8}") = "dotfiles", "dotfiles", "{45DA3B8B-BDE5-48AA-BAF1-58C2A8F99F13}"
	ProjectSection(SolutionItems) = preProject
		.editorconfig = .editorconfig
		.env = .env
		.gitattributes = .gitattributes
		.gitignore = .gitignore
		docker-compose.yml = docker-compose.yml
		global.json = global.json
		LICENSE = LICENSE
		README.md = README.md
	EndProjectSection
EndProject
Project("{9A19103F-16F7-4668-BE54-9A1E7A4F7556}") = "RecipeBook.AppHost", "src\RecipeBook.AppHost\RecipeBook.AppHost.csproj", "{96354DF6-947C-469B-A670-CD31626BE39D}"
EndProject
Project("{9A19103F-16F7-4668-BE54-9A1E7A4F7556}") = "RecipeBook.ServiceDefaults", "src\RecipeBook.ServiceDefaults\RecipeBook.ServiceDefaults.csproj", "{454BF023-A4CA-4B1A-8D4F-37972B87EE20}"
EndProject
Project("{9A19103F-16F7-4668-BE54-9A1E7A4F7556}") = "RecipeBook.ApiService", "src\RecipeBook.ApiService\RecipeBook.ApiService.csproj", "{FF9F9A2D-AF48-42BA-B897-1AD7ACC320D3}"
EndProject
Project("{9A19103F-16F7-4668-BE54-9A1E7A4F7556}") = "RecipeBook.Web", "src\RecipeBook.Web\RecipeBook.Web.csproj", "{D82E28EE-8113-4279-9EB3-332F380A6F9A}"
EndProject
Project("{2150E333-8FDC-42A3-9474-1A3956D46DE8}") = ".github", ".github", "{E38CFFDE-23CF-4FA2-AA9C-01A7394053A0}"
	ProjectSection(SolutionItems) = preProject
		.github\CODEOWNERS = .github\CODEOWNERS
		.github\dependabot.yml = .github\dependabot.yml
	EndProjectSection
EndProject
Project("{2150E333-8FDC-42A3-9474-1A3956D46DE8}") = "workflows", "workflows", "{C4068DC3-8063-4828-BB83-58AFBD4335B0}"
	ProjectSection(SolutionItems) = preProject
		.github\workflows\dotnet-ci.yml = .github\workflows\dotnet-ci.yml
	EndProjectSection
EndProject
Project("{FAE04EC0-301F-11D3-BF4B-00C04F79EFBC}") = "RecipeBook.Contracts", "src\RecipeBook.Contracts\RecipeBook.Contracts.csproj", "{4D10F3BA-A08E-484D-B626-FEB5B241E0B4}"
EndProject
Global
	GlobalSection(SolutionConfigurationPlatforms) = preSolution
		Debug|Any CPU = Debug|Any CPU
		Release|Any CPU = Release|Any CPU
	EndGlobalSection
	GlobalSection(ProjectConfigurationPlatforms) = postSolution
		{96354DF6-947C-469B-A670-CD31626BE39D}.Debug|Any CPU.ActiveCfg = Debug|Any CPU
		{96354DF6-947C-469B-A670-CD31626BE39D}.Debug|Any CPU.Build.0 = Debug|Any CPU
		{96354DF6-947C-469B-A670-CD31626BE39D}.Release|Any CPU.ActiveCfg = Release|Any CPU
		{96354DF6-947C-469B-A670-CD31626BE39D}.Release|Any CPU.Build.0 = Release|Any CPU
		{454BF023-A4CA-4B1A-8D4F-37972B87EE20}.Debug|Any CPU.ActiveCfg = Debug|Any CPU
		{454BF023-A4CA-4B1A-8D4F-37972B87EE20}.Debug|Any CPU.Build.0 = Debug|Any CPU
		{454BF023-A4CA-4B1A-8D4F-37972B87EE20}.Release|Any CPU.ActiveCfg = Release|Any CPU
		{454BF023-A4CA-4B1A-8D4F-37972B87EE20}.Release|Any CPU.Build.0 = Release|Any CPU
		{FF9F9A2D-AF48-42BA-B897-1AD7ACC320D3}.Debug|Any CPU.ActiveCfg = Debug|Any CPU
		{FF9F9A2D-AF48-42BA-B897-1AD7ACC320D3}.Debug|Any CPU.Build.0 = Debug|Any CPU
		{FF9F9A2D-AF48-42BA-B897-1AD7ACC320D3}.Release|Any CPU.ActiveCfg = Release|Any CPU
		{FF9F9A2D-AF48-42BA-B897-1AD7ACC320D3}.Release|Any CPU.Build.0 = Release|Any CPU
		{D82E28EE-8113-4279-9EB3-332F380A6F9A}.Debug|Any CPU.ActiveCfg = Debug|Any CPU
		{D82E28EE-8113-4279-9EB3-332F380A6F9A}.Debug|Any CPU.Build.0 = Debug|Any CPU
		{D82E28EE-8113-4279-9EB3-332F380A6F9A}.Release|Any CPU.ActiveCfg = Release|Any CPU
		{D82E28EE-8113-4279-9EB3-332F380A6F9A}.Release|Any CPU.Build.0 = Release|Any CPU
		{4D10F3BA-A08E-484D-B626-FEB5B241E0B4}.Debug|Any CPU.ActiveCfg = Debug|Any CPU
		{4D10F3BA-A08E-484D-B626-FEB5B241E0B4}.Debug|Any CPU.Build.0 = Debug|Any CPU
		{4D10F3BA-A08E-484D-B626-FEB5B241E0B4}.Release|Any CPU.ActiveCfg = Release|Any CPU
		{4D10F3BA-A08E-484D-B626-FEB5B241E0B4}.Release|Any CPU.Build.0 = Release|Any CPU
	EndGlobalSection
	GlobalSection(SolutionProperties) = preSolution
		HideSolutionNode = FALSE
	EndGlobalSection
	GlobalSection(NestedProjects) = preSolution
		{96354DF6-947C-469B-A670-CD31626BE39D} = {2F81DFDB-BCEE-4E16-BE54-F87ACACE487B}
		{454BF023-A4CA-4B1A-8D4F-37972B87EE20} = {2F81DFDB-BCEE-4E16-BE54-F87ACACE487B}
		{FF9F9A2D-AF48-42BA-B897-1AD7ACC320D3} = {2F81DFDB-BCEE-4E16-BE54-F87ACACE487B}
		{D82E28EE-8113-4279-9EB3-332F380A6F9A} = {2F81DFDB-BCEE-4E16-BE54-F87ACACE487B}
		{C4068DC3-8063-4828-BB83-58AFBD4335B0} = {E38CFFDE-23CF-4FA2-AA9C-01A7394053A0}
		{4D10F3BA-A08E-484D-B626-FEB5B241E0B4} = {2F81DFDB-BCEE-4E16-BE54-F87ACACE487B}
	EndGlobalSection
	GlobalSection(ExtensibilityGlobals) = postSolution
		SolutionGuid = {4681D4D0-E01B-434A-A043-4CFBDE59D048}
	EndGlobalSection
EndGlobal
